// !$*UTF8*$!
{
	archiveVersion = 1;
	classes = {
	};
	objectVersion = 46;
	objects = {

/* Begin PBXBuildFile section */
		385C9122889FD737DCC5AD14 /* Pods_Football_Leagues.framework in Frameworks */ = {isa = PBXBuildFile; fileRef = A560F9C796C5B5D1654575A2 /* Pods_Football_Leagues.framework */; };
		84937A041FC8559B003673DB /* LeaguesTableViewController.swift in Sources */ = {isa = PBXBuildFile; fileRef = 84937A031FC8559B003673DB /* LeaguesTableViewController.swift */; };
		84937A061FC855D0003673DB /* LeaguesViewModel.swift in Sources */ = {isa = PBXBuildFile; fileRef = 84937A051FC855D0003673DB /* LeaguesViewModel.swift */; };
		84937A081FC85604003673DB /* League.swift in Sources */ = {isa = PBXBuildFile; fileRef = 84937A071FC85604003673DB /* League.swift */; };
		84937A0A1FC85B42003673DB /* LeagueCell.swift in Sources */ = {isa = PBXBuildFile; fileRef = 84937A091FC85B42003673DB /* LeagueCell.swift */; };
		84937A0E1FC86654003673DB /* NetworkAPI.swift in Sources */ = {isa = PBXBuildFile; fileRef = 84937A0D1FC86654003673DB /* NetworkAPI.swift */; };
		84937A111FC86F17003673DB /* ProgressUtility.swift in Sources */ = {isa = PBXBuildFile; fileRef = 84937A101FC86F17003673DB /* ProgressUtility.swift */; };
		84937A131FC86F33003673DB /* DimUtility.swift in Sources */ = {isa = PBXBuildFile; fileRef = 84937A121FC86F33003673DB /* DimUtility.swift */; };
		84E455C01FC85279001829F5 /* AppDelegate.swift in Sources */ = {isa = PBXBuildFile; fileRef = 84E455BF1FC85279001829F5 /* AppDelegate.swift */; };
		84E455C51FC85279001829F5 /* Main.storyboard in Resources */ = {isa = PBXBuildFile; fileRef = 84E455C31FC85279001829F5 /* Main.storyboard */; };
		84E455C71FC85279001829F5 /* Assets.xcassets in Resources */ = {isa = PBXBuildFile; fileRef = 84E455C61FC85279001829F5 /* Assets.xcassets */; };
		84E455CA1FC85279001829F5 /* LaunchScreen.storyboard in Resources */ = {isa = PBXBuildFile; fileRef = 84E455C81FC85279001829F5 /* LaunchScreen.storyboard */; };
/* End PBXBuildFile section */

/* Begin PBXFileReference section */
		4DB59DC017B1D22F526558F4 /* Pods-Football Leagues.debug.xcconfig */ = {isa = PBXFileReference; includeInIndex = 1; lastKnownFileType = text.xcconfig; name = "Pods-Football Leagues.debug.xcconfig"; path = "Pods/Target Support Files/Pods-Football Leagues/Pods-Football Leagues.debug.xcconfig"; sourceTree = "<group>"; };
		64ACB55B5879DCD44F570BFC /* Pods-Football Leagues.release.xcconfig */ = {isa = PBXFileReference; includeInIndex = 1; lastKnownFileType = text.xcconfig; name = "Pods-Football Leagues.release.xcconfig"; path = "Pods/Target Support Files/Pods-Football Leagues/Pods-Football Leagues.release.xcconfig"; sourceTree = "<group>"; };
		84937A031FC8559B003673DB /* LeaguesTableViewController.swift */ = {isa = PBXFileReference; fileEncoding = 4; lastKnownFileType = sourcecode.swift; path = LeaguesTableViewController.swift; sourceTree = "<group>"; };
		84937A051FC855D0003673DB /* LeaguesViewModel.swift */ = {isa = PBXFileReference; fileEncoding = 4; lastKnownFileType = sourcecode.swift; path = LeaguesViewModel.swift; sourceTree = "<group>"; };
		84937A071FC85604003673DB /* League.swift */ = {isa = PBXFileReference; fileEncoding = 4; lastKnownFileType = sourcecode.swift; path = League.swift; sourceTree = "<group>"; };
		84937A091FC85B42003673DB /* LeagueCell.swift */ = {isa = PBXFileReference; fileEncoding = 4; lastKnownFileType = sourcecode.swift; path = LeagueCell.swift; sourceTree = "<group>"; };
		84937A0D1FC86654003673DB /* NetworkAPI.swift */ = {isa = PBXFileReference; fileEncoding = 4; lastKnownFileType = sourcecode.swift; path = NetworkAPI.swift; sourceTree = "<group>"; };
		84937A101FC86F17003673DB /* ProgressUtility.swift */ = {isa = PBXFileReference; fileEncoding = 4; lastKnownFileType = sourcecode.swift; path = ProgressUtility.swift; sourceTree = "<group>"; };
		84937A121FC86F33003673DB /* DimUtility.swift */ = {isa = PBXFileReference; fileEncoding = 4; lastKnownFileType = sourcecode.swift; path = DimUtility.swift; sourceTree = "<group>"; };
		84E455BC1FC85278001829F5 /* Football Leagues.app */ = {isa = PBXFileReference; explicitFileType = wrapper.application; includeInIndex = 0; path = "Football Leagues.app"; sourceTree = BUILT_PRODUCTS_DIR; };
		84E455BF1FC85279001829F5 /* AppDelegate.swift */ = {isa = PBXFileReference; lastKnownFileType = sourcecode.swift; path = AppDelegate.swift; sourceTree = "<group>"; };
		84E455C41FC85279001829F5 /* Base */ = {isa = PBXFileReference; lastKnownFileType = file.storyboard; name = Base; path = Base.lproj/Main.storyboard; sourceTree = "<group>"; };
		84E455C61FC85279001829F5 /* Assets.xcassets */ = {isa = PBXFileReference; lastKnownFileType = folder.assetcatalog; path = Assets.xcassets; sourceTree = "<group>"; };
		84E455C91FC85279001829F5 /* Base */ = {isa = PBXFileReference; lastKnownFileType = file.storyboard; name = Base; path = Base.lproj/LaunchScreen.storyboard; sourceTree = "<group>"; };
		84E455CB1FC85279001829F5 /* Info.plist */ = {isa = PBXFileReference; lastKnownFileType = text.plist.xml; path = Info.plist; sourceTree = "<group>"; };
		A560F9C796C5B5D1654575A2 /* Pods_Football_Leagues.framework */ = {isa = PBXFileReference; explicitFileType = wrapper.framework; includeInIndex = 0; path = Pods_Football_Leagues.framework; sourceTree = BUILT_PRODUCTS_DIR; };
/* End PBXFileReference section */

/* Begin PBXFrameworksBuildPhase section */
		84E455B91FC85278001829F5 /* Frameworks */ = {
			isa = PBXFrameworksBuildPhase;
			buildActionMask = 2147483647;
			files = (
				385C9122889FD737DCC5AD14 /* Pods_Football_Leagues.framework in Frameworks */,
			);
			runOnlyForDeploymentPostprocessing = 0;
		};
/* End PBXFrameworksBuildPhase section */

/* Begin PBXGroup section */
		1CAD7D1433141C67FB1931EC /* Pods */ = {
			isa = PBXGroup;
			children = (
				4DB59DC017B1D22F526558F4 /* Pods-Football Leagues.debug.xcconfig */,
				64ACB55B5879DCD44F570BFC /* Pods-Football Leagues.release.xcconfig */,
			);
			name = Pods;
			sourceTree = "<group>";
		};
		84937A001FC85542003673DB /* Assets */ = {
			isa = PBXGroup;
			children = (
				84E455C61FC85279001829F5 /* Assets.xcassets */,
				84E455C81FC85279001829F5 /* LaunchScreen.storyboard */,
				84E455CB1FC85279001829F5 /* Info.plist */,
			);
			name = Assets;
			sourceTree = "<group>";
		};
		84937A011FC85557003673DB /* Screens */ = {
			isa = PBXGroup;
			children = (
				84937A021FC85563003673DB /* Leagues */,
			);
			name = Screens;
			sourceTree = "<group>";
		};
		84937A021FC85563003673DB /* Leagues */ = {
			isa = PBXGroup;
			children = (
				84937A031FC8559B003673DB /* LeaguesTableViewController.swift */,
				84937A051FC855D0003673DB /* LeaguesViewModel.swift */,
				84937A071FC85604003673DB /* League.swift */,
				84937A091FC85B42003673DB /* LeagueCell.swift */,
			);
			name = Leagues;
			sourceTree = "<group>";
		};
		84937A0C1FC86644003673DB /* APIs */ = {
			isa = PBXGroup;
			children = (
				84937A0D1FC86654003673DB /* NetworkAPI.swift */,
			);
			name = APIs;
			sourceTree = "<group>";
		};
		84937A0F1FC86EF3003673DB /* Utilities */ = {
			isa = PBXGroup;
			children = (
				84937A101FC86F17003673DB /* ProgressUtility.swift */,
				84937A121FC86F33003673DB /* DimUtility.swift */,
			);
			name = Utilities;
			sourceTree = "<group>";
		};
		84E455B31FC85278001829F5 = {
			isa = PBXGroup;
			children = (
				84E455BE1FC85278001829F5 /* Football Leagues */,
				84E455BD1FC85278001829F5 /* Products */,
				1CAD7D1433141C67FB1931EC /* Pods */,
				A09592E42F7E060660E5A365 /* Frameworks */,
			);
			sourceTree = "<group>";
		};
		84E455BD1FC85278001829F5 /* Products */ = {
			isa = PBXGroup;
			children = (
				84E455BC1FC85278001829F5 /* Football Leagues.app */,
			);
			name = Products;
			sourceTree = "<group>";
		};
		84E455BE1FC85278001829F5 /* Football Leagues */ = {
			isa = PBXGroup;
			children = (
				84E455BF1FC85279001829F5 /* AppDelegate.swift */,
				84E455C31FC85279001829F5 /* Main.storyboard */,
				84937A0F1FC86EF3003673DB /* Utilities */,
				84937A0C1FC86644003673DB /* APIs */,
				84937A011FC85557003673DB /* Screens */,
				84937A001FC85542003673DB /* Assets */,
			);
			path = "Football Leagues";
			sourceTree = "<group>";
		};
		A09592E42F7E060660E5A365 /* Frameworks */ = {
			isa = PBXGroup;
			children = (
				A560F9C796C5B5D1654575A2 /* Pods_Football_Leagues.framework */,
			);
			name = Frameworks;
			sourceTree = "<group>";
		};
/* End PBXGroup section */

/* Begin PBXNativeTarget section */
		84E455BB1FC85278001829F5 /* Football Leagues */ = {
			isa = PBXNativeTarget;
			buildConfigurationList = 84E455CE1FC85279001829F5 /* Build configuration list for PBXNativeTarget "Football Leagues" */;
			buildPhases = (
				3884FDEECCE36AB882436AE3 /* [CP] Check Pods Manifest.lock */,
				84E455B81FC85278001829F5 /* Sources */,
				84E455B91FC85278001829F5 /* Frameworks */,
				84E455BA1FC85278001829F5 /* Resources */,
				943069F86DF4C2923E216DF4 /* [CP] Embed Pods Frameworks */,
				A39327047D7AFF6BC7D225FB /* [CP] Copy Pods Resources */,
			);
			buildRules = (
			);
			dependencies = (
			);
			name = "Football Leagues";
			productName = "Football Leagues";
			productReference = 84E455BC1FC85278001829F5 /* Football Leagues.app */;
			productType = "com.apple.product-type.application";
		};
/* End PBXNativeTarget section */

/* Begin PBXProject section */
		84E455B41FC85278001829F5 /* Project object */ = {
			isa = PBXProject;
			attributes = {
				LastSwiftUpdateCheck = 0830;
				LastUpgradeCheck = 0830;
				ORGANIZATIONNAME = "Mohammad Shaker";
				TargetAttributes = {
					84E455BB1FC85278001829F5 = {
						CreatedOnToolsVersion = 8.3.3;
						ProvisioningStyle = Automatic;
					};
				};
			};
			buildConfigurationList = 84E455B71FC85278001829F5 /* Build configuration list for PBXProject "Football Leagues" */;
			compatibilityVersion = "Xcode 3.2";
			developmentRegion = English;
			hasScannedForEncodings = 0;
			knownRegions = (
				en,
				Base,
			);
			mainGroup = 84E455B31FC85278001829F5;
			productRefGroup = 84E455BD1FC85278001829F5 /* Products */;
			projectDirPath = "";
			projectRoot = "";
			targets = (
				84E455BB1FC85278001829F5 /* Football Leagues */,
			);
		};
/* End PBXProject section */

/* Begin PBXResourcesBuildPhase section */
		84E455BA1FC85278001829F5 /* Resources */ = {
			isa = PBXResourcesBuildPhase;
			buildActionMask = 2147483647;
			files = (
				84E455CA1FC85279001829F5 /* LaunchScreen.storyboard in Resources */,
				84E455C71FC85279001829F5 /* Assets.xcassets in Resources */,
				84E455C51FC85279001829F5 /* Main.storyboard in Resources */,
			);
			runOnlyForDeploymentPostprocessing = 0;
		};
/* End PBXResourcesBuildPhase section */

/* Begin PBXShellScriptBuildPhase section */
		3884FDEECCE36AB882436AE3 /* [CP] Check Pods Manifest.lock */ = {
			isa = PBXShellScriptBuildPhase;
			buildActionMask = 2147483647;
			files = (
			);
			inputPaths = (
				"${PODS_PODFILE_DIR_PATH}/Podfile.lock",
				"${PODS_ROOT}/Manifest.lock",
			);
			name = "[CP] Check Pods Manifest.lock";
			outputPaths = (
				"$(DERIVED_FILE_DIR)/Pods-Football Leagues-checkManifestLockResult.txt",
			);
			runOnlyForDeploymentPostprocessing = 0;
			shellPath = /bin/sh;
			shellScript = "diff \"${PODS_PODFILE_DIR_PATH}/Podfile.lock\" \"${PODS_ROOT}/Manifest.lock\" > /dev/null\nif [ $? != 0 ] ; then\n    # print error to STDERR\n    echo \"error: The sandbox is not in sync with the Podfile.lock. Run 'pod install' or update your CocoaPods installation.\" >&2\n    exit 1\nfi\n# This output is used by Xcode 'outputs' to avoid re-running this script phase.\necho \"SUCCESS\" > \"${SCRIPT_OUTPUT_FILE_0}\"\n";
			showEnvVarsInLog = 0;
		};
		943069F86DF4C2923E216DF4 /* [CP] Embed Pods Frameworks */ = {
			isa = PBXShellScriptBuildPhase;
			buildActionMask = 2147483647;
			files = (
			);
			inputPaths = (
				"${SRCROOT}/Pods/Target Support Files/Pods-Football Leagues/Pods-Football Leagues-frameworks.sh",
				"${BUILT_PRODUCTS_DIR}/Alamofire/Alamofire.framework",
				"${BUILT_PRODUCTS_DIR}/NitroNSDictionaryCategories/NitroNSDictionaryCategories.framework",
				"${BUILT_PRODUCTS_DIR}/NitroUIColorCategories/NitroUIColorCategories.framework",
				"${BUILT_PRODUCTS_DIR}/SCLAlertView/SCLAlertView.framework",
				"${BUILT_PRODUCTS_DIR}/SDWebImage/SDWebImage.framework",
				"${BUILT_PRODUCTS_DIR}/SVProgressHUD/SVProgressHUD.framework",
				"${BUILT_PRODUCTS_DIR}/SwiftyJSON/SwiftyJSON.framework",
			);
			name = "[CP] Embed Pods Frameworks";
			outputPaths = (
				"${TARGET_BUILD_DIR}/${FRAMEWORKS_FOLDER_PATH}/Alamofire.framework",
				"${TARGET_BUILD_DIR}/${FRAMEWORKS_FOLDER_PATH}/NitroNSDictionaryCategories.framework",
				"${TARGET_BUILD_DIR}/${FRAMEWORKS_FOLDER_PATH}/NitroUIColorCategories.framework",
				"${TARGET_BUILD_DIR}/${FRAMEWORKS_FOLDER_PATH}/SCLAlertView.framework",
				"${TARGET_BUILD_DIR}/${FRAMEWORKS_FOLDER_PATH}/SDWebImage.framework",
				"${TARGET_BUILD_DIR}/${FRAMEWORKS_FOLDER_PATH}/SVProgressHUD.framework",
				"${TARGET_BUILD_DIR}/${FRAMEWORKS_FOLDER_PATH}/SwiftyJSON.framework",
			);
			runOnlyForDeploymentPostprocessing = 0;
			shellPath = /bin/sh;
			shellScript = "\"${SRCROOT}/Pods/Target Support Files/Pods-Football Leagues/Pods-Football Leagues-frameworks.sh\"\n";
			showEnvVarsInLog = 0;
		};
		A39327047D7AFF6BC7D225FB /* [CP] Copy Pods Resources */ = {
			isa = PBXShellScriptBuildPhase;
			buildActionMask = 2147483647;
			files = (
			);
			inputPaths = (
			);
			name = "[CP] Copy Pods Resources";
			outputPaths = (
			);
			runOnlyForDeploymentPostprocessing = 0;
			shellPath = /bin/sh;
			shellScript = "\"${SRCROOT}/Pods/Target Support Files/Pods-Football Leagues/Pods-Football Leagues-resources.sh\"\n";
			showEnvVarsInLog = 0;
		};
/* End PBXShellScriptBuildPhase section */

/* Begin PBXSourcesBuildPhase section */
		84E455B81FC85278001829F5 /* Sources */ = {
			isa = PBXSourcesBuildPhase;
			buildActionMask = 2147483647;
			files = (
				84937A041FC8559B003673DB /* LeaguesTableViewController.swift in Sources */,
				84937A131FC86F33003673DB /* DimUtility.swift in Sources */,
				84E455C01FC85279001829F5 /* AppDelegate.swift in Sources */,
				84937A081FC85604003673DB /* League.swift in Sources */,
				84937A111FC86F17003673DB /* ProgressUtility.swift in Sources */,
				84937A061FC855D0003673DB /* LeaguesViewModel.swift in Sources */,
				84937A0A1FC85B42003673DB /* LeagueCell.swift in Sources */,
				84937A0E1FC86654003673DB /* NetworkAPI.swift in Sources */,
			);
			runOnlyForDeploymentPostprocessing = 0;
		};
/* End PBXSourcesBuildPhase section */

/* Begin PBXVariantGroup section */
		84E455C31FC85279001829F5 /* Main.storyboard */ = {
			isa = PBXVariantGroup;
			children = (
				84E455C41FC85279001829F5 /* Base */,
			);
			name = Main.storyboard;
			sourceTree = "<group>";
		};
		84E455C81FC85279001829F5 /* LaunchScreen.storyboard */ = {
			isa = PBXVariantGroup;
			children = (
				84E455C91FC85279001829F5 /* Base */,
			);
			name = LaunchScreen.storyboard;
			sourceTree = "<group>";
		};
/* End PBXVariantGroup section */

/* Begin XCBuildConfiguration section */
		84E455CC1FC85279001829F5 /* Debug */ = {
			isa = XCBuildConfiguration;
			buildSettings = {
				ALWAYS_SEARCH_USER_PATHS = NO;
				CLANG_ANALYZER_NONNULL = YES;
				CLANG_ANALYZER_NUMBER_OBJECT_CONVERSION = YES_AGGRESSIVE;
				CLANG_CXX_LANGUAGE_STANDARD = "gnu++0x";
				CLANG_CXX_LIBRARY = "libc++";
				CLANG_ENABLE_MODULES = YES;
				CLANG_ENABLE_OBJC_ARC = YES;
				CLANG_WARN_BOOL_CONVERSION = YES;
				CLANG_WARN_CONSTANT_CONVERSION = YES;
				CLANG_WARN_DIRECT_OBJC_ISA_USAGE = YES_ERROR;
				CLANG_WARN_DOCUMENTATION_COMMENTS = YES;
				CLANG_WARN_EMPTY_BODY = YES;
				CLANG_WARN_ENUM_CONVERSION = YES;
				CLANG_WARN_INFINITE_RECURSION = YES;
				CLANG_WARN_INT_CONVERSION = YES;
				CLANG_WARN_OBJC_ROOT_CLASS = YES_ERROR;
				CLANG_WARN_SUSPICIOUS_MOVE = YES;
				CLANG_WARN_UNREACHABLE_CODE = YES;
				CLANG_WARN__DUPLICATE_METHOD_MATCH = YES;
				"CODE_SIGN_IDENTITY[sdk=iphoneos*]" = "iPhone Developer";
				COPY_PHASE_STRIP = NO;
				DEBUG_INFORMATION_FORMAT = dwarf;
				ENABLE_STRICT_OBJC_MSGSEND = YES;
				ENABLE_TESTABILITY = YES;
				GCC_C_LANGUAGE_STANDARD = gnu99;
				GCC_DYNAMIC_NO_PIC = NO;
				GCC_NO_COMMON_BLOCKS = YES;
				GCC_OPTIMIZATION_LEVEL = 0;
				GCC_PREPROCESSOR_DEFINITIONS = (
					"DEBUG=1",
					"$(inherited)",
				);
				GCC_WARN_64_TO_32_BIT_CONVERSION = YES;
				GCC_WARN_ABOUT_RETURN_TYPE = YES_ERROR;
				GCC_WARN_UNDECLARED_SELECTOR = YES;
				GCC_WARN_UNINITIALIZED_AUTOS = YES_AGGRESSIVE;
				GCC_WARN_UNUSED_FUNCTION = YES;
				GCC_WARN_UNUSED_VARIABLE = YES;
				IPHONEOS_DEPLOYMENT_TARGET = 10.3;
				MTL_ENABLE_DEBUG_INFO = YES;
				ONLY_ACTIVE_ARCH = YES;
				SDKROOT = iphoneos;
				SWIFT_ACTIVE_COMPILATION_CONDITIONS = DEBUG;
				SWIFT_OPTIMIZATION_LEVEL = "-Onone";
			};
			name = Debug;
		};
		84E455CD1FC85279001829F5 /* Release */ = {
			isa = XCBuildConfiguration;
			buildSettings = {
				ALWAYS_SEARCH_USER_PATHS = NO;
				CLANG_ANALYZER_NONNULL = YES;
				CLANG_ANALYZER_NUMBER_OBJECT_CONVERSION = YES_AGGRESSIVE;
				CLANG_CXX_LANGUAGE_STANDARD = "gnu++0x";
				CLANG_CXX_LIBRARY = "libc++";
				CLANG_ENABLE_MODULES = YES;
				CLANG_ENABLE_OBJC_ARC = YES;
				CLANG_WARN_BOOL_CONVERSION = YES;
				CLANG_WARN_CONSTANT_CONVERSION = YES;
				CLANG_WARN_DIRECT_OBJC_ISA_USAGE = YES_ERROR;
				CLANG_WARN_DOCUMENTATION_COMMENTS = YES;
				CLANG_WARN_EMPTY_BODY = YES;
				CLANG_WARN_ENUM_CONVERSION = YES;
				CLANG_WARN_INFINITE_RECURSION = YES;
				CLANG_WARN_INT_CONVERSION = YES;
				CLANG_WARN_OBJC_ROOT_CLASS = YES_ERROR;
				CLANG_WARN_SUSPICIOUS_MOVE = YES;
				CLANG_WARN_UNREACHABLE_CODE = YES;
				CLANG_WARN__DUPLICATE_METHOD_MATCH = YES;
				"CODE_SIGN_IDENTITY[sdk=iphoneos*]" = "iPhone Developer";
				COPY_PHASE_STRIP = NO;
				DEBUG_INFORMATION_FORMAT = "dwarf-with-dsym";
				ENABLE_NS_ASSERTIONS = NO;
				ENABLE_STRICT_OBJC_MSGSEND = YES;
				GCC_C_LANGUAGE_STANDARD = gnu99;
				GCC_NO_COMMON_BLOCKS = YES;
				GCC_WARN_64_TO_32_BIT_CONVERSION = YES;
				GCC_WARN_ABOUT_RETURN_TYPE = YES_ERROR;
				GCC_WARN_UNDECLARED_SELECTOR = YES;
				GCC_WARN_UNINITIALIZED_AUTOS = YES_AGGRESSIVE;
				GCC_WARN_UNUSED_FUNCTION = YES;
				GCC_WARN_UNUSED_VARIABLE = YES;
				IPHONEOS_DEPLOYMENT_TARGET = 10.3;
				MTL_ENABLE_DEBUG_INFO = NO;
				SDKROOT = iphoneos;
				SWIFT_OPTIMIZATION_LEVEL = "-Owholemodule";
				VALIDATE_PRODUCT = YES;
			};
			name = Release;
		};
		84E455CF1FC85279001829F5 /* Debug */ = {
			isa = XCBuildConfiguration;
			baseConfigurationReference = 4DB59DC017B1D22F526558F4 /* Pods-Football Leagues.debug.xcconfig */;
			buildSettings = {
				ASSETCATALOG_COMPILER_APPICON_NAME = AppIcon;
				INFOPLIST_FILE = "Football Leagues/Info.plist";
				LD_RUNPATH_SEARCH_PATHS = "$(inherited) @executable_path/Frameworks";
				PRODUCT_BUNDLE_IDENTIFIER = "msmeg.Football-Leagues";
				PRODUCT_NAME = "$(TARGET_NAME)";
				SWIFT_VERSION = 3.0;
			};
			name = Debug;
		};
		84E455D01FC85279001829F5 /* Release */ = {
			isa = XCBuildConfiguration;
			baseConfigurationReference = 64ACB55B5879DCD44F570BFC /* Pods-Football Leagues.release.xcconfig */;
			buildSettings = {
				ASSETCATALOG_COMPILER_APPICON_NAME = AppIcon;
				INFOPLIST_FILE = "Football Leagues/Info.plist";
				LD_RUNPATH_SEARCH_PATHS = "$(inherited) @executable_path/Frameworks";
				PRODUCT_BUNDLE_IDENTIFIER = "msmeg.Football-Leagues";
				PRODUCT_NAME = "$(TARGET_NAME)";
				SWIFT_VERSION = 3.0;
			};
			name = Release;
		};
/* End XCBuildConfiguration section */

/* Begin XCConfigurationList section */
		84E455B71FC85278001829F5 /* Build configuration list for PBXProject "Football Leagues" */ = {
			isa = XCConfigurationList;
			buildConfigurations = (
				84E455CC1FC85279001829F5 /* Debug */,
				84E455CD1FC85279001829F5 /* Release */,
			);
			defaultConfigurationIsVisible = 0;
			defaultConfigurationName = Release;
		};
		84E455CE1FC85279001829F5 /* Build configuration list for PBXNativeTarget "Football Leagues" */ = {
			isa = XCConfigurationList;
			buildConfigurations = (
				84E455CF1FC85279001829F5 /* Debug */,
				84E455D01FC85279001829F5 /* Release */,
			);
			defaultConfigurationIsVisible = 0;
			defaultConfigurationName = Release;
		};
/* End XCConfigurationList section */
	};
	rootObject = 84E455B41FC85278001829F5 /* Project object */;
}
